// !$*UTF8*$!
{
	archiveVersion = 1;
	classes = {
	};
	objectVersion = 55;
	objects = {

/* Begin PBXBuildFile section */
		FFD23582288C793F00A13DCD /* TwitterSwiftUIApp.swift in Sources */ = {isa = PBXBuildFile; fileRef = FFD23581288C793F00A13DCD /* TwitterSwiftUIApp.swift */; };
		FFD23584288C793F00A13DCD /* ContentView.swift in Sources */ = {isa = PBXBuildFile; fileRef = FFD23583288C793F00A13DCD /* ContentView.swift */; };
		FFD23586288C794200A13DCD /* Assets.xcassets in Resources */ = {isa = PBXBuildFile; fileRef = FFD23585288C794200A13DCD /* Assets.xcassets */; };
		FFD23589288C794200A13DCD /* Preview Assets.xcassets in Resources */ = {isa = PBXBuildFile; fileRef = FFD23588288C794200A13DCD /* Preview Assets.xcassets */; };
		FFD23598288C79E400A13DCD /* FeedView.swift in Sources */ = {isa = PBXBuildFile; fileRef = FFD23597288C79E400A13DCD /* FeedView.swift */; };
		FFD2359B288C7AC900A13DCD /* TweetRowView.swift in Sources */ = {isa = PBXBuildFile; fileRef = FFD2359A288C7AC800A13DCD /* TweetRowView.swift */; };
		FFD2359E288C7DDB00A13DCD /* MainTabView.swift in Sources */ = {isa = PBXBuildFile; fileRef = FFD2359D288C7DDB00A13DCD /* MainTabView.swift */; };
		FFD235A7288C800900A13DCD /* ExploreView.swift in Sources */ = {isa = PBXBuildFile; fileRef = FFD235A6288C800900A13DCD /* ExploreView.swift */; };
		FFD235A9288C801B00A13DCD /* NotificationsView.swift in Sources */ = {isa = PBXBuildFile; fileRef = FFD235A8288C801B00A13DCD /* NotificationsView.swift */; };
		FFD235AB288C803C00A13DCD /* MessagesView.swift in Sources */ = {isa = PBXBuildFile; fileRef = FFD235AA288C803C00A13DCD /* MessagesView.swift */; };
/* End PBXBuildFile section */

/* Begin PBXFileReference section */
		FFD2357E288C793F00A13DCD /* TwitterSwiftUI.app */ = {isa = PBXFileReference; explicitFileType = wrapper.application; includeInIndex = 0; path = TwitterSwiftUI.app; sourceTree = BUILT_PRODUCTS_DIR; };
		FFD23581288C793F00A13DCD /* TwitterSwiftUIApp.swift */ = {isa = PBXFileReference; lastKnownFileType = sourcecode.swift; path = TwitterSwiftUIApp.swift; sourceTree = "<group>"; };
		FFD23583288C793F00A13DCD /* ContentView.swift */ = {isa = PBXFileReference; lastKnownFileType = sourcecode.swift; path = ContentView.swift; sourceTree = "<group>"; };
		FFD23585288C794200A13DCD /* Assets.xcassets */ = {isa = PBXFileReference; lastKnownFileType = folder.assetcatalog; path = Assets.xcassets; sourceTree = "<group>"; };
		FFD23588288C794200A13DCD /* Preview Assets.xcassets */ = {isa = PBXFileReference; lastKnownFileType = folder.assetcatalog; path = "Preview Assets.xcassets"; sourceTree = "<group>"; };
		FFD23597288C79E400A13DCD /* FeedView.swift */ = {isa = PBXFileReference; lastKnownFileType = sourcecode.swift; path = FeedView.swift; sourceTree = "<group>"; };
		FFD2359A288C7AC800A13DCD /* TweetRowView.swift */ = {isa = PBXFileReference; lastKnownFileType = sourcecode.swift; path = TweetRowView.swift; sourceTree = "<group>"; };
		FFD2359D288C7DDB00A13DCD /* MainTabView.swift */ = {isa = PBXFileReference; lastKnownFileType = sourcecode.swift; path = MainTabView.swift; sourceTree = "<group>"; };
		FFD235A6288C800900A13DCD /* ExploreView.swift */ = {isa = PBXFileReference; lastKnownFileType = sourcecode.swift; path = ExploreView.swift; sourceTree = "<group>"; };
		FFD235A8288C801B00A13DCD /* NotificationsView.swift */ = {isa = PBXFileReference; lastKnownFileType = sourcecode.swift; path = NotificationsView.swift; sourceTree = "<group>"; };
		FFD235AA288C803C00A13DCD /* MessagesView.swift */ = {isa = PBXFileReference; lastKnownFileType = sourcecode.swift; path = MessagesView.swift; sourceTree = "<group>"; };
/* End PBXFileReference section */

/* Begin PBXFrameworksBuildPhase section */
		FFD2357B288C793F00A13DCD /* Frameworks */ = {
			isa = PBXFrameworksBuildPhase;
			buildActionMask = 2147483647;
			files = (
			);
			runOnlyForDeploymentPostprocessing = 0;
		};
/* End PBXFrameworksBuildPhase section */

/* Begin PBXGroup section */
		FFD23575288C793F00A13DCD = {
			isa = PBXGroup;
			children = (
				FFD23580288C793F00A13DCD /* TwitterSwiftUI */,
				FFD2357F288C793F00A13DCD /* Products */,
			);
			sourceTree = "<group>";
		};
		FFD2357F288C793F00A13DCD /* Products */ = {
			isa = PBXGroup;
			children = (
				FFD2357E288C793F00A13DCD /* TwitterSwiftUI.app */,
			);
			name = Products;
			sourceTree = "<group>";
		};
		FFD23580288C793F00A13DCD /* TwitterSwiftUI */ = {
			isa = PBXGroup;
			children = (
				FFD23592288C798E00A13DCD /* Core */,
				FFD23591288C796500A13DCD /* Extensions */,
				FFD23590288C796400A13DCD /* Model */,
				FFD2358F288C795900A13DCD /* Service */,
				FFD23581288C793F00A13DCD /* TwitterSwiftUIApp.swift */,
				FFD23583288C793F00A13DCD /* ContentView.swift */,
				FFD23585288C794200A13DCD /* Assets.xcassets */,
				FFD23587288C794200A13DCD /* Preview Content */,
			);
			path = TwitterSwiftUI;
			sourceTree = "<group>";
		};
		FFD23587288C794200A13DCD /* Preview Content */ = {
			isa = PBXGroup;
			children = (
				FFD23588288C794200A13DCD /* Preview Assets.xcassets */,
			);
			path = "Preview Content";
			sourceTree = "<group>";
		};
		FFD2358F288C795900A13DCD /* Service */ = {
			isa = PBXGroup;
			children = (
			);
			path = Service;
			sourceTree = "<group>";
		};
		FFD23590288C796400A13DCD /* Model */ = {
			isa = PBXGroup;
			children = (
			);
			path = Model;
			sourceTree = "<group>";
		};
		FFD23591288C796500A13DCD /* Extensions */ = {
			isa = PBXGroup;
			children = (
			);
			name = Extensions;
			path = "New Group1/Extensions";
			sourceTree = "<group>";
		};
		FFD23592288C798E00A13DCD /* Core */ = {
			isa = PBXGroup;
			children = (
				FFD235A5288C7FE900A13DCD /* Messages */,
				FFD235A4288C7FDF00A13DCD /* Notifications */,
				FFD235A3288C7E6E00A13DCD /* Profile */,
				FFD2359F288C7E5E00A13DCD /* Explore */,
				FFD2359C288C7DCC00A13DCD /* MainTab */,
				FFD23594288C79A200A13DCD /* Feed */,
				FFD23593288C799600A13DCD /* Components */,
			);
			path = Core;
			sourceTree = "<group>";
		};
		FFD23593288C799600A13DCD /* Components */ = {
			isa = PBXGroup;
			children = (
				FFD23599288C7A9C00A13DCD /* Tweets */,
			);
			path = Components;
			sourceTree = "<group>";
		};
		FFD23594288C79A200A13DCD /* Feed */ = {
			isa = PBXGroup;
			children = (
				FFD23596288C79CA00A13DCD /* View */,
				FFD23595288C79C300A13DCD /* ViewModels */,
			);
			path = Feed;
			sourceTree = "<group>";
		};
		FFD23595288C79C300A13DCD /* ViewModels */ = {
			isa = PBXGroup;
			children = (
			);
			path = ViewModels;
			sourceTree = "<group>";
		};
		FFD23596288C79CA00A13DCD /* View */ = {
			isa = PBXGroup;
			children = (
				FFD23597288C79E400A13DCD /* FeedView.swift */,
			);
			path = View;
			sourceTree = "<group>";
		};
		FFD23599288C7A9C00A13DCD /* Tweets */ = {
			isa = PBXGroup;
			children = (
				FFD2359A288C7AC800A13DCD /* TweetRowView.swift */,
			);
			path = Tweets;
			sourceTree = "<group>";
		};
		FFD2359C288C7DCC00A13DCD /* MainTab */ = {
			isa = PBXGroup;
			children = (
				FFD2359D288C7DDB00A13DCD /* MainTabView.swift */,
			);
			path = MainTab;
			sourceTree = "<group>";
		};
		FFD2359F288C7E5E00A13DCD /* Explore */ = {
			isa = PBXGroup;
			children = (
				FFD235A6288C800900A13DCD /* ExploreView.swift */,
			);
			path = Explore;
			sourceTree = "<group>";
		};
		FFD235A3288C7E6E00A13DCD /* Profile */ = {
			isa = PBXGroup;
			children = (
			);
			path = Profile;
			sourceTree = "<group>";
		};
		FFD235A4288C7FDF00A13DCD /* Notifications */ = {
			isa = PBXGroup;
			children = (
				FFD235A8288C801B00A13DCD /* NotificationsView.swift */,
			);
			path = Notifications;
			sourceTree = "<group>";
		};
		FFD235A5288C7FE900A13DCD /* Messages */ = {
			isa = PBXGroup;
			children = (
				FFD235AA288C803C00A13DCD /* MessagesView.swift */,
			);
			path = Messages;
			sourceTree = "<group>";
		};
/* End PBXGroup section */

/* Begin PBXNativeTarget section */
		FFD2357D288C793F00A13DCD /* TwitterSwiftUI */ = {
			isa = PBXNativeTarget;
			buildConfigurationList = FFD2358C288C794200A13DCD /* Build configuration list for PBXNativeTarget "TwitterSwiftUI" */;
			buildPhases = (
				FFD2357A288C793F00A13DCD /* Sources */,
				FFD2357B288C793F00A13DCD /* Frameworks */,
				FFD2357C288C793F00A13DCD /* Resources */,
			);
			buildRules = (
			);
			dependencies = (
			);
			name = TwitterSwiftUI;
			productName = TwitterSwiftUI;
			productReference = FFD2357E288C793F00A13DCD /* TwitterSwiftUI.app */;
			productType = "com.apple.product-type.application";
		};
/* End PBXNativeTarget section */

/* Begin PBXProject section */
		FFD23576288C793F00A13DCD /* Project object */ = {
			isa = PBXProject;
			attributes = {
				BuildIndependentTargetsInParallel = 1;
				LastSwiftUpdateCheck = 1340;
				LastUpgradeCheck = 1340;
				TargetAttributes = {
					FFD2357D288C793F00A13DCD = {
						CreatedOnToolsVersion = 13.4.1;
					};
				};
			};
			buildConfigurationList = FFD23579288C793F00A13DCD /* Build configuration list for PBXProject "TwitterSwiftUI" */;
			compatibilityVersion = "Xcode 13.0";
			developmentRegion = en;
			hasScannedForEncodings = 0;
			knownRegions = (
				en,
				Base,
			);
			mainGroup = FFD23575288C793F00A13DCD;
			productRefGroup = FFD2357F288C793F00A13DCD /* Products */;
			projectDirPath = "";
			projectRoot = "";
			targets = (
				FFD2357D288C793F00A13DCD /* TwitterSwiftUI */,
			);
		};
/* End PBXProject section */

/* Begin PBXResourcesBuildPhase section */
		FFD2357C288C793F00A13DCD /* Resources */ = {
			isa = PBXResourcesBuildPhase;
			buildActionMask = 2147483647;
			files = (
				FFD23589288C794200A13DCD /* Preview Assets.xcassets in Resources */,
				FFD23586288C794200A13DCD /* Assets.xcassets in Resources */,
			);
			runOnlyForDeploymentPostprocessing = 0;
		};
/* End PBXResourcesBuildPhase section */

/* Begin PBXSourcesBuildPhase section */
		FFD2357A288C793F00A13DCD /* Sources */ = {
			isa = PBXSourcesBuildPhase;
			buildActionMask = 2147483647;
			files = (
				FFD235AB288C803C00A13DCD /* MessagesView.swift in Sources */,
				FFD23584288C793F00A13DCD /* ContentView.swift in Sources */,
				FFD2359B288C7AC900A13DCD /* TweetRowView.swift in Sources */,
				FFD235A9288C801B00A13DCD /* NotificationsView.swift in Sources */,
				FFD23598288C79E400A13DCD /* FeedView.swift in Sources */,
				FFD23582288C793F00A13DCD /* TwitterSwiftUIApp.swift in Sources */,
				FFD235A7288C800900A13DCD /* ExploreView.swift in Sources */,
				FFD2359E288C7DDB00A13DCD /* MainTabView.swift in Sources */,
			);
			runOnlyForDeploymentPostprocessing = 0;
		};
/* End PBXSourcesBuildPhase section */

/* Begin XCBuildConfiguration section */
		FFD2358A288C794200A13DCD /* Debug */ = {
			isa = XCBuildConfiguration;
			buildSettings = {
				ALWAYS_SEARCH_USER_PATHS = NO;
				CLANG_ANALYZER_NONNULL = YES;
				CLANG_ANALYZER_NUMBER_OBJECT_CONVERSION = YES_AGGRESSIVE;
				CLANG_CXX_LANGUAGE_STANDARD = "gnu++17";
				CLANG_ENABLE_MODULES = YES;
				CLANG_ENABLE_OBJC_ARC = YES;
				CLANG_ENABLE_OBJC_WEAK = YES;
				CLANG_WARN_BLOCK_CAPTURE_AUTORELEASING = YES;
				CLANG_WARN_BOOL_CONVERSION = YES;
				CLANG_WARN_COMMA = YES;
				CLANG_WARN_CONSTANT_CONVERSION = YES;
				CLANG_WARN_DEPRECATED_OBJC_IMPLEMENTATIONS = YES;
				CLANG_WARN_DIRECT_OBJC_ISA_USAGE = YES_ERROR;
				CLANG_WARN_DOCUMENTATION_COMMENTS = YES;
				CLANG_WARN_EMPTY_BODY = YES;
				CLANG_WARN_ENUM_CONVERSION = YES;
				CLANG_WARN_INFINITE_RECURSION = YES;
				CLANG_WARN_INT_CONVERSION = YES;
				CLANG_WARN_NON_LITERAL_NULL_CONVERSION = YES;
				CLANG_WARN_OBJC_IMPLICIT_RETAIN_SELF = YES;
				CLANG_WARN_OBJC_LITERAL_CONVERSION = YES;
				CLANG_WARN_OBJC_ROOT_CLASS = YES_ERROR;
				CLANG_WARN_QUOTED_INCLUDE_IN_FRAMEWORK_HEADER = YES;
				CLANG_WARN_RANGE_LOOP_ANALYSIS = YES;
				CLANG_WARN_STRICT_PROTOTYPES = YES;
				CLANG_WARN_SUSPICIOUS_MOVE = YES;
				CLANG_WARN_UNGUARDED_AVAILABILITY = YES_AGGRESSIVE;
				CLANG_WARN_UNREACHABLE_CODE = YES;
				CLANG_WARN__DUPLICATE_METHOD_MATCH = YES;
				COPY_PHASE_STRIP = NO;
				DEBUG_INFORMATION_FORMAT = dwarf;
				ENABLE_STRICT_OBJC_MSGSEND = YES;
				ENABLE_TESTABILITY = YES;
				GCC_C_LANGUAGE_STANDARD = gnu11;
				GCC_DYNAMIC_NO_PIC = NO;
				GCC_NO_COMMON_BLOCKS = YES;
				GCC_OPTIMIZATION_LEVEL = 0;
				GCC_PREPROCESSOR_DEFINITIONS = (
					"DEBUG=1",
					"$(inherited)",
				);
				GCC_WARN_64_TO_32_BIT_CONVERSION = YES;
				GCC_WARN_ABOUT_RETURN_TYPE = YES_ERROR;
				GCC_WARN_UNDECLARED_SELECTOR = YES;
				GCC_WARN_UNINITIALIZED_AUTOS = YES_AGGRESSIVE;
				GCC_WARN_UNUSED_FUNCTION = YES;
				GCC_WARN_UNUSED_VARIABLE = YES;
				IPHONEOS_DEPLOYMENT_TARGET = 15.5;
				MTL_ENABLE_DEBUG_INFO = INCLUDE_SOURCE;
				MTL_FAST_MATH = YES;
				ONLY_ACTIVE_ARCH = YES;
				SDKROOT = iphoneos;
				SWIFT_ACTIVE_COMPILATION_CONDITIONS = DEBUG;
				SWIFT_OPTIMIZATION_LEVEL = "-Onone";
			};
			name = Debug;
		};
		FFD2358B288C794200A13DCD /* Release */ = {
			isa = XCBuildConfiguration;
			buildSettings = {
				ALWAYS_SEARCH_USER_PATHS = NO;
				CLANG_ANALYZER_NONNULL = YES;
				CLANG_ANALYZER_NUMBER_OBJECT_CONVERSION = YES_AGGRESSIVE;
				CLANG_CXX_LANGUAGE_STANDARD = "gnu++17";
				CLANG_ENABLE_MODULES = YES;
				CLANG_ENABLE_OBJC_ARC = YES;
				CLANG_ENABLE_OBJC_WEAK = YES;
				CLANG_WARN_BLOCK_CAPTURE_AUTORELEASING = YES;
				CLANG_WARN_BOOL_CONVERSION = YES;
				CLANG_WARN_COMMA = YES;
				CLANG_WARN_CONSTANT_CONVERSION = YES;
				CLANG_WARN_DEPRECATED_OBJC_IMPLEMENTATIONS = YES;
				CLANG_WARN_DIRECT_OBJC_ISA_USAGE = YES_ERROR;
				CLANG_WARN_DOCUMENTATION_COMMENTS = YES;
				CLANG_WARN_EMPTY_BODY = YES;
				CLANG_WARN_ENUM_CONVERSION = YES;
				CLANG_WARN_INFINITE_RECURSION = YES;
				CLANG_WARN_INT_CONVERSION = YES;
				CLANG_WARN_NON_LITERAL_NULL_CONVERSION = YES;
				CLANG_WARN_OBJC_IMPLICIT_RETAIN_SELF = YES;
				CLANG_WARN_OBJC_LITERAL_CONVERSION = YES;
				CLANG_WARN_OBJC_ROOT_CLASS = YES_ERROR;
				CLANG_WARN_QUOTED_INCLUDE_IN_FRAMEWORK_HEADER = YES;
				CLANG_WARN_RANGE_LOOP_ANALYSIS = YES;
				CLANG_WARN_STRICT_PROTOTYPES = YES;
				CLANG_WARN_SUSPICIOUS_MOVE = YES;
				CLANG_WARN_UNGUARDED_AVAILABILITY = YES_AGGRESSIVE;
				CLANG_WARN_UNREACHABLE_CODE = YES;
				CLANG_WARN__DUPLICATE_METHOD_MATCH = YES;
				COPY_PHASE_STRIP = NO;
				DEBUG_INFORMATION_FORMAT = "dwarf-with-dsym";
				ENABLE_NS_ASSERTIONS = NO;
				ENABLE_STRICT_OBJC_MSGSEND = YES;
				GCC_C_LANGUAGE_STANDARD = gnu11;
				GCC_NO_COMMON_BLOCKS = YES;
				GCC_WARN_64_TO_32_BIT_CONVERSION = YES;
				GCC_WARN_ABOUT_RETURN_TYPE = YES_ERROR;
				GCC_WARN_UNDECLARED_SELECTOR = YES;
				GCC_WARN_UNINITIALIZED_AUTOS = YES_AGGRESSIVE;
				GCC_WARN_UNUSED_FUNCTION = YES;
				GCC_WARN_UNUSED_VARIABLE = YES;
				IPHONEOS_DEPLOYMENT_TARGET = 15.5;
				MTL_ENABLE_DEBUG_INFO = NO;
				MTL_FAST_MATH = YES;
				SDKROOT = iphoneos;
				SWIFT_COMPILATION_MODE = wholemodule;
				SWIFT_OPTIMIZATION_LEVEL = "-O";
				VALIDATE_PRODUCT = YES;
			};
			name = Release;
		};
		FFD2358D288C794200A13DCD /* Debug */ = {
			isa = XCBuildConfiguration;
			buildSettings = {
				ASSETCATALOG_COMPILER_APPICON_NAME = AppIcon;
				ASSETCATALOG_COMPILER_GLOBAL_ACCENT_COLOR_NAME = AccentColor;
				CODE_SIGN_STYLE = Automatic;
				CURRENT_PROJECT_VERSION = 1;
				DEVELOPMENT_ASSET_PATHS = "\"TwitterSwiftUI/Preview Content\"";
				DEVELOPMENT_TEAM = J275YB2YPQ;
				ENABLE_PREVIEWS = YES;
				GENERATE_INFOPLIST_FILE = YES;
				INFOPLIST_KEY_UIApplicationSceneManifest_Generation = YES;
				INFOPLIST_KEY_UIApplicationSupportsIndirectInputEvents = YES;
				INFOPLIST_KEY_UILaunchScreen_Generation = YES;
				INFOPLIST_KEY_UISupportedInterfaceOrientations_iPad = "UIInterfaceOrientationPortrait UIInterfaceOrientationPortraitUpsideDown UIInterfaceOrientationLandscapeLeft UIInterfaceOrientationLandscapeRight";
				INFOPLIST_KEY_UISupportedInterfaceOrientations_iPhone = "UIInterfaceOrientationPortrait UIInterfaceOrientationLandscapeLeft UIInterfaceOrientationLandscapeRight";
				LD_RUNPATH_SEARCH_PATHS = (
					"$(inherited)",
					"@executable_path/Frameworks",
				);
				MARKETING_VERSION = 1.0;
				PRODUCT_BUNDLE_IDENTIFIER = com.codablecode.TwitterSwiftUI;
				PRODUCT_NAME = "$(TARGET_NAME)";
				SWIFT_EMIT_LOC_STRINGS = YES;
				SWIFT_VERSION = 5.0;
				TARGETED_DEVICE_FAMILY = "1,2";
			};
			name = Debug;
		};
		FFD2358E288C794200A13DCD /* Release */ = {
			isa = XCBuildConfiguration;
			buildSettings = {
				ASSETCATALOG_COMPILER_APPICON_NAME = AppIcon;
				ASSETCATALOG_COMPILER_GLOBAL_ACCENT_COLOR_NAME = AccentColor;
				CODE_SIGN_STYLE = Automatic;
				CURRENT_PROJECT_VERSION = 1;
				DEVELOPMENT_ASSET_PATHS = "\"TwitterSwiftUI/Preview Content\"";
				DEVELOPMENT_TEAM = J275YB2YPQ;
				ENABLE_PREVIEWS = YES;
				GENERATE_INFOPLIST_FILE = YES;
				INFOPLIST_KEY_UIApplicationSceneManifest_Generation = YES;
				INFOPLIST_KEY_UIApplicationSupportsIndirectInputEvents = YES;
				INFOPLIST_KEY_UILaunchScreen_Generation = YES;
				INFOPLIST_KEY_UISupportedInterfaceOrientations_iPad = "UIInterfaceOrientationPortrait UIInterfaceOrientationPortraitUpsideDown UIInterfaceOrientationLandscapeLeft UIInterfaceOrientationLandscapeRight";
				INFOPLIST_KEY_UISupportedInterfaceOrientations_iPhone = "UIInterfaceOrientationPortrait UIInterfaceOrientationLandscapeLeft UIInterfaceOrientationLandscapeRight";
				LD_RUNPATH_SEARCH_PATHS = (
					"$(inherited)",
					"@executable_path/Frameworks",
				);
				MARKETING_VERSION = 1.0;
				PRODUCT_BUNDLE_IDENTIFIER = com.codablecode.TwitterSwiftUI;
				PRODUCT_NAME = "$(TARGET_NAME)";
				SWIFT_EMIT_LOC_STRINGS = YES;
				SWIFT_VERSION = 5.0;
				TARGETED_DEVICE_FAMILY = "1,2";
			};
			name = Release;
		};
/* End XCBuildConfiguration section */

/* Begin XCConfigurationList section */
		FFD23579288C793F00A13DCD /* Build configuration list for PBXProject "TwitterSwiftUI" */ = {
			isa = XCConfigurationList;
			buildConfigurations = (
				FFD2358A288C794200A13DCD /* Debug */,
				FFD2358B288C794200A13DCD /* Release */,
			);
			defaultConfigurationIsVisible = 0;
			defaultConfigurationName = Release;
		};
		FFD2358C288C794200A13DCD /* Build configuration list for PBXNativeTarget "TwitterSwiftUI" */ = {
			isa = XCConfigurationList;
			buildConfigurations = (
				FFD2358D288C794200A13DCD /* Debug */,
				FFD2358E288C794200A13DCD /* Release */,
			);
			defaultConfigurationIsVisible = 0;
			defaultConfigurationName = Release;
		};
/* End XCConfigurationList section */
	};
	rootObject = FFD23576288C793F00A13DCD /* Project object */;
}
